
Microsoft Visual Studio Solution File, Format Version 12.00
# Visual Studio Version 17
VisualStudioVersion = 17.0.32014.148
MinimumVisualStudioVersion = 10.0.40219.1
Project("{FAE04EC0-301F-11D3-BF4B-00C04F79EFBC}") = "Server", "Server\Server.csproj", "{FCB1D4D5-DFEB-4229-8ECD-B85112E8BA43}"
EndProject
Project("{FAE04EC0-301F-11D3-BF4B-00C04F79EFBC}") = "Client", "Client\Client.csproj", "{F7E1C498-1D00-455E-B733-A8B9B6DC3F50}"
EndProject
Project("{FAE04EC0-301F-11D3-BF4B-00C04F79EFBC}") = "Shared", "Shared\Shared.csproj", "{7D1B171D-0A74-4762-9C02-08AC7609D243}"
EndProject
Global
	GlobalSection(SolutionConfigurationPlatforms) = preSolution
		Debug|Any CPU = Debug|Any CPU
		Release|Any CPU = Release|Any CPU
	EndGlobalSection
	GlobalSection(ProjectConfigurationPlatforms) = postSolution
		{FCB1D4D5-DFEB-4229-8ECD-B85112E8BA43}.Debug|Any CPU.ActiveCfg = Debug|Any CPU
		{FCB1D4D5-DFEB-4229-8ECD-B85112E8BA43}.Debug|Any CPU.Build.0 = Debug|Any CPU
		{FCB1D4D5-DFEB-4229-8ECD-B85112E8BA43}.Release|Any CPU.ActiveCfg = Release|Any CPU
		{FCB1D4D5-DFEB-4229-8ECD-B85112E8BA43}.Release|Any CPU.Build.0 = Release|Any CPU
		{F7E1C498-1D00-455E-B733-A8B9B6DC3F50}.Debug|Any CPU.ActiveCfg = Debug|Any CPU
		{F7E1C498-1D00-455E-B733-A8B9B6DC3F50}.Debug|Any CPU.Build.0 = Debug|Any CPU
		{F7E1C498-1D00-455E-B733-A8B9B6DC3F50}.Release|Any CPU.ActiveCfg = Release|Any CPU
		{F7E1C498-1D00-455E-B733-A8B9B6DC3F50}.Release|Any CPU.Build.0 = Release|Any CPU
		{7D1B171D-0A74-4762-9C02-08AC7609D243}.Debug|Any CPU.ActiveCfg = Debug|Any CPU
		{7D1B171D-0A74-4762-9C02-08AC7609D243}.Debug|Any CPU.Build.0 = Debug|Any CPU
		{7D1B171D-0A74-4762-9C02-08AC7609D243}.Release|Any CPU.ActiveCfg = Release|Any CPU
		{7D1B171D-0A74-4762-9C02-08AC7609D243}.Release|Any CPU.Build.0 = Release|Any CPU
	EndGlobalSection
	GlobalSection(SolutionProperties) = preSolution
		HideSolutionNode = FALSE
	EndGlobalSection
	GlobalSection(ExtensibilityGlobals) = postSolution
		SolutionGuid = {A8618B1A-D47D-41C5-8E83-1B304E0CE4BD}
	EndGlobalSection
EndGlobal
