
Microsoft Visual Studio Solution File, Format Version 12.00
# Visual Studio Version 16
VisualStudioVersion = 16.0.31727.386
MinimumVisualStudioVersion = 10.0.40219.1
Project("{FAE04EC0-301F-11D3-BF4B-00C04F79EFBC}") = "Transfer.Me.Server", "Server\Transfer.Me.Server.csproj", "{C8106395-390F-44D2-A08C-C968724954FC}"
EndProject
Project("{FAE04EC0-301F-11D3-BF4B-00C04F79EFBC}") = "Transfer.Me.Client", "Client\Transfer.Me.Client.csproj", "{F9B63BD2-D836-410B-B001-B4ADD348D391}"
EndProject
Project("{FAE04EC0-301F-11D3-BF4B-00C04F79EFBC}") = "Transfer.Me.Shared", "Shared\Transfer.Me.Shared.csproj", "{CCC297D3-8A15-43A8-AAEE-0C5E17E64BA8}"
EndProject
Global
	GlobalSection(SolutionConfigurationPlatforms) = preSolution
		Debug|Any CPU = Debug|Any CPU
		Release|Any CPU = Release|Any CPU
	EndGlobalSection
	GlobalSection(ProjectConfigurationPlatforms) = postSolution
		{C8106395-390F-44D2-A08C-C968724954FC}.Debug|Any CPU.ActiveCfg = Debug|Any CPU
		{C8106395-390F-44D2-A08C-C968724954FC}.Debug|Any CPU.Build.0 = Debug|Any CPU
		{C8106395-390F-44D2-A08C-C968724954FC}.Release|Any CPU.ActiveCfg = Release|Any CPU
		{C8106395-390F-44D2-A08C-C968724954FC}.Release|Any CPU.Build.0 = Release|Any CPU
		{F9B63BD2-D836-410B-B001-B4ADD348D391}.Debug|Any CPU.ActiveCfg = Debug|Any CPU
		{F9B63BD2-D836-410B-B001-B4ADD348D391}.Debug|Any CPU.Build.0 = Debug|Any CPU
		{F9B63BD2-D836-410B-B001-B4ADD348D391}.Release|Any CPU.ActiveCfg = Release|Any CPU
		{F9B63BD2-D836-410B-B001-B4ADD348D391}.Release|Any CPU.Build.0 = Release|Any CPU
		{CCC297D3-8A15-43A8-AAEE-0C5E17E64BA8}.Debug|Any CPU.ActiveCfg = Debug|Any CPU
		{CCC297D3-8A15-43A8-AAEE-0C5E17E64BA8}.Debug|Any CPU.Build.0 = Debug|Any CPU
		{CCC297D3-8A15-43A8-AAEE-0C5E17E64BA8}.Release|Any CPU.ActiveCfg = Release|Any CPU
		{CCC297D3-8A15-43A8-AAEE-0C5E17E64BA8}.Release|Any CPU.Build.0 = Release|Any CPU
	EndGlobalSection
	GlobalSection(SolutionProperties) = preSolution
		HideSolutionNode = FALSE
	EndGlobalSection
	GlobalSection(ExtensibilityGlobals) = postSolution
		SolutionGuid = {649ABCA2-F398-4104-A08E-76A4C006B1BB}
	EndGlobalSection
EndGlobal
